// !$*UTF8*$!
{
	archiveVersion = 1;
	classes = {
	};
	objectVersion = 56;
	objects = {

/* Begin PBXBuildFile section */
		41219F2D2B29A86F008A69C8 /* CurrentWeather.swift in Sources */ = {isa = PBXBuildFile; fileRef = 41219F2C2B29A86F008A69C8 /* CurrentWeather.swift */; };
		41219F2F2B29B50C008A69C8 /* RawModel.swift in Sources */ = {isa = PBXBuildFile; fileRef = 41219F2E2B29B50B008A69C8 /* RawModel.swift */; };
		41219F322B2A3917008A69C8 /* FourDaysCollectionViewCell.swift in Sources */ = {isa = PBXBuildFile; fileRef = 41219F312B2A3917008A69C8 /* FourDaysCollectionViewCell.swift */; };
		41219F342B2A565C008A69C8 /* ForeCastWeather.swift in Sources */ = {isa = PBXBuildFile; fileRef = 41219F332B2A565C008A69C8 /* ForeCastWeather.swift */; };
		41219F372B2B6ABB008A69C8 /* WeatherFC+CoreDataClass.swift in Sources */ = {isa = PBXBuildFile; fileRef = 41219F352B2B6ABB008A69C8 /* WeatherFC+CoreDataClass.swift */; };
		41219F382B2B6ABB008A69C8 /* WeatherFC+CoreDataProperties.swift in Sources */ = {isa = PBXBuildFile; fileRef = 41219F362B2B6ABB008A69C8 /* WeatherFC+CoreDataProperties.swift */; };
		41219F3A2B2B6CFD008A69C8 /* ForeCastModel.swift in Sources */ = {isa = PBXBuildFile; fileRef = 41219F392B2B6CFD008A69C8 /* ForeCastModel.swift */; };
		41219F3C2B2BBFA0008A69C8 /* ImageCache.swift in Sources */ = {isa = PBXBuildFile; fileRef = 41219F3B2B2BBFA0008A69C8 /* ImageCache.swift */; };
		41219F3E2B2CC20F008A69C8 /* TenDaysModel.swift in Sources */ = {isa = PBXBuildFile; fileRef = 41219F3D2B2CC20F008A69C8 /* TenDaysModel.swift */; };
		41219F402B2CCA3C008A69C8 /* TenTableViewCell.swift in Sources */ = {isa = PBXBuildFile; fileRef = 41219F3F2B2CCA3C008A69C8 /* TenTableViewCell.swift */; };
		41219F422B2CCD8A008A69C8 /* TenDaysRawModel.swift in Sources */ = {isa = PBXBuildFile; fileRef = 41219F412B2CCD8A008A69C8 /* TenDaysRawModel.swift */; };
		41219F452B2DAABE008A69C8 /* TenForeCast+CoreDataClass.swift in Sources */ = {isa = PBXBuildFile; fileRef = 41219F432B2DAABD008A69C8 /* TenForeCast+CoreDataClass.swift */; };
		41219F462B2DAABE008A69C8 /* TenForeCast+CoreDataProperties.swift in Sources */ = {isa = PBXBuildFile; fileRef = 41219F442B2DAABD008A69C8 /* TenForeCast+CoreDataProperties.swift */; };
		4196B2462B2614E500B182F9 /* AppDelegate.swift in Sources */ = {isa = PBXBuildFile; fileRef = 4196B2452B2614E500B182F9 /* AppDelegate.swift */; };
		4196B2482B2614E500B182F9 /* SceneDelegate.swift in Sources */ = {isa = PBXBuildFile; fileRef = 4196B2472B2614E500B182F9 /* SceneDelegate.swift */; };
		4196B24A2B2614E500B182F9 /* MainViewController.swift in Sources */ = {isa = PBXBuildFile; fileRef = 4196B2492B2614E500B182F9 /* MainViewController.swift */; };
		4196B2502B2614E500B182F9 /* WeatherAppIV.xcdatamodeld in Sources */ = {isa = PBXBuildFile; fileRef = 4196B24E2B2614E500B182F9 /* WeatherAppIV.xcdatamodeld */; };
		4196B2522B2614E800B182F9 /* Assets.xcassets in Resources */ = {isa = PBXBuildFile; fileRef = 4196B2512B2614E800B182F9 /* Assets.xcassets */; };
		4196B2552B2614E800B182F9 /* LaunchScreen.storyboard in Resources */ = {isa = PBXBuildFile; fileRef = 4196B2532B2614E800B182F9 /* LaunchScreen.storyboard */; };
		4196B25D2B26154300B182F9 /* NetworkService.swift in Sources */ = {isa = PBXBuildFile; fileRef = 4196B25C2B26154300B182F9 /* NetworkService.swift */; };
		4196B25F2B26156300B182F9 /* WeatherViewModel.swift in Sources */ = {isa = PBXBuildFile; fileRef = 4196B25E2B26156300B182F9 /* WeatherViewModel.swift */; };
		419F54C22B27550F00AFCFD9 /* Weather+CoreDataClass.swift in Sources */ = {isa = PBXBuildFile; fileRef = 419F54C02B27550F00AFCFD9 /* Weather+CoreDataClass.swift */; };
		419F54C32B27550F00AFCFD9 /* Weather+CoreDataProperties.swift in Sources */ = {isa = PBXBuildFile; fileRef = 419F54C12B27550F00AFCFD9 /* Weather+CoreDataProperties.swift */; };
		419F54C52B27560F00AFCFD9 /* CoreDataService.swift in Sources */ = {isa = PBXBuildFile; fileRef = 419F54C42B27560F00AFCFD9 /* CoreDataService.swift */; };
/* End PBXBuildFile section */

/* Begin PBXFileReference section */
		41219F2C2B29A86F008A69C8 /* CurrentWeather.swift */ = {isa = PBXFileReference; lastKnownFileType = sourcecode.swift; path = CurrentWeather.swift; sourceTree = "<group>"; };
		41219F2E2B29B50B008A69C8 /* RawModel.swift */ = {isa = PBXFileReference; lastKnownFileType = sourcecode.swift; path = RawModel.swift; sourceTree = "<group>"; };
		41219F312B2A3917008A69C8 /* FourDaysCollectionViewCell.swift */ = {isa = PBXFileReference; lastKnownFileType = sourcecode.swift; path = FourDaysCollectionViewCell.swift; sourceTree = "<group>"; };
		41219F332B2A565C008A69C8 /* ForeCastWeather.swift */ = {isa = PBXFileReference; lastKnownFileType = sourcecode.swift; path = ForeCastWeather.swift; sourceTree = "<group>"; };
		41219F352B2B6ABB008A69C8 /* WeatherFC+CoreDataClass.swift */ = {isa = PBXFileReference; lastKnownFileType = sourcecode.swift; name = "WeatherFC+CoreDataClass.swift"; path = "WeatherAppIV/CoreData/FourForeCast/WeatherFC+CoreDataClass.swift"; sourceTree = SOURCE_ROOT; };
		41219F362B2B6ABB008A69C8 /* WeatherFC+CoreDataProperties.swift */ = {isa = PBXFileReference; lastKnownFileType = sourcecode.swift; name = "WeatherFC+CoreDataProperties.swift"; path = "WeatherAppIV/CoreData/FourForeCast/WeatherFC+CoreDataProperties.swift"; sourceTree = SOURCE_ROOT; };
		41219F392B2B6CFD008A69C8 /* ForeCastModel.swift */ = {isa = PBXFileReference; lastKnownFileType = sourcecode.swift; path = ForeCastModel.swift; sourceTree = "<group>"; };
		41219F3B2B2BBFA0008A69C8 /* ImageCache.swift */ = {isa = PBXFileReference; lastKnownFileType = sourcecode.swift; path = ImageCache.swift; sourceTree = "<group>"; };
		41219F3D2B2CC20F008A69C8 /* TenDaysModel.swift */ = {isa = PBXFileReference; lastKnownFileType = sourcecode.swift; path = TenDaysModel.swift; sourceTree = "<group>"; };
		41219F3F2B2CCA3C008A69C8 /* TenTableViewCell.swift */ = {isa = PBXFileReference; lastKnownFileType = sourcecode.swift; path = TenTableViewCell.swift; sourceTree = "<group>"; };
		41219F412B2CCD8A008A69C8 /* TenDaysRawModel.swift */ = {isa = PBXFileReference; lastKnownFileType = sourcecode.swift; path = TenDaysRawModel.swift; sourceTree = "<group>"; };
		41219F432B2DAABD008A69C8 /* TenForeCast+CoreDataClass.swift */ = {isa = PBXFileReference; lastKnownFileType = sourcecode.swift; name = "TenForeCast+CoreDataClass.swift"; path = "WeatherAppIV/CoreData/TenForeCast/TenForeCast+CoreDataClass.swift"; sourceTree = SOURCE_ROOT; };
		41219F442B2DAABD008A69C8 /* TenForeCast+CoreDataProperties.swift */ = {isa = PBXFileReference; lastKnownFileType = sourcecode.swift; name = "TenForeCast+CoreDataProperties.swift"; path = "WeatherAppIV/CoreData/TenForeCast/TenForeCast+CoreDataProperties.swift"; sourceTree = SOURCE_ROOT; };
		4196B2422B2614E500B182F9 /* WeatherAppIV.app */ = {isa = PBXFileReference; explicitFileType = wrapper.application; includeInIndex = 0; path = WeatherAppIV.app; sourceTree = BUILT_PRODUCTS_DIR; };
		4196B2452B2614E500B182F9 /* AppDelegate.swift */ = {isa = PBXFileReference; lastKnownFileType = sourcecode.swift; path = AppDelegate.swift; sourceTree = "<group>"; };
		4196B2472B2614E500B182F9 /* SceneDelegate.swift */ = {isa = PBXFileReference; lastKnownFileType = sourcecode.swift; path = SceneDelegate.swift; sourceTree = "<group>"; };
		4196B2492B2614E500B182F9 /* MainViewController.swift */ = {isa = PBXFileReference; lastKnownFileType = sourcecode.swift; path = MainViewController.swift; sourceTree = "<group>"; };
		4196B24F2B2614E500B182F9 /* WeatherAppIV.xcdatamodel */ = {isa = PBXFileReference; lastKnownFileType = wrapper.xcdatamodel; path = WeatherAppIV.xcdatamodel; sourceTree = "<group>"; };
		4196B2512B2614E800B182F9 /* Assets.xcassets */ = {isa = PBXFileReference; lastKnownFileType = folder.assetcatalog; path = Assets.xcassets; sourceTree = "<group>"; };
		4196B2542B2614E800B182F9 /* Base */ = {isa = PBXFileReference; lastKnownFileType = file.storyboard; name = Base; path = Base.lproj/LaunchScreen.storyboard; sourceTree = "<group>"; };
		4196B2562B2614E800B182F9 /* Info.plist */ = {isa = PBXFileReference; lastKnownFileType = text.plist.xml; path = Info.plist; sourceTree = "<group>"; };
		4196B25C2B26154300B182F9 /* NetworkService.swift */ = {isa = PBXFileReference; lastKnownFileType = sourcecode.swift; path = NetworkService.swift; sourceTree = "<group>"; };
		4196B25E2B26156300B182F9 /* WeatherViewModel.swift */ = {isa = PBXFileReference; lastKnownFileType = sourcecode.swift; path = WeatherViewModel.swift; sourceTree = "<group>"; };
		419F54C02B27550F00AFCFD9 /* Weather+CoreDataClass.swift */ = {isa = PBXFileReference; lastKnownFileType = sourcecode.swift; name = "Weather+CoreDataClass.swift"; path = "WeatherAppIV/CoreData/Current/Weather+CoreDataClass.swift"; sourceTree = SOURCE_ROOT; };
		419F54C12B27550F00AFCFD9 /* Weather+CoreDataProperties.swift */ = {isa = PBXFileReference; lastKnownFileType = sourcecode.swift; name = "Weather+CoreDataProperties.swift"; path = "WeatherAppIV/CoreData/Current/Weather+CoreDataProperties.swift"; sourceTree = SOURCE_ROOT; };
		419F54C42B27560F00AFCFD9 /* CoreDataService.swift */ = {isa = PBXFileReference; lastKnownFileType = sourcecode.swift; path = CoreDataService.swift; sourceTree = "<group>"; };
/* End PBXFileReference section */

/* Begin PBXFrameworksBuildPhase section */
		4196B23F2B2614E500B182F9 /* Frameworks */ = {
			isa = PBXFrameworksBuildPhase;
			buildActionMask = 2147483647;
			files = (
			);
			runOnlyForDeploymentPostprocessing = 0;
		};
/* End PBXFrameworksBuildPhase section */

/* Begin PBXGroup section */
		41219F302B2A38EC008A69C8 /* Cells */ = {
			isa = PBXGroup;
			children = (
				41219F312B2A3917008A69C8 /* FourDaysCollectionViewCell.swift */,
				41219F3F2B2CCA3C008A69C8 /* TenTableViewCell.swift */,
			);
			path = Cells;
			sourceTree = "<group>";
		};
		41219F472B2DF231008A69C8 /* TenForeCast */ = {
			isa = PBXGroup;
			children = (
				41219F432B2DAABD008A69C8 /* TenForeCast+CoreDataClass.swift */,
				41219F442B2DAABD008A69C8 /* TenForeCast+CoreDataProperties.swift */,
			);
			path = TenForeCast;
			sourceTree = "<group>";
		};
		41219F482B2DF242008A69C8 /* FourForeCast */ = {
			isa = PBXGroup;
			children = (
				41219F352B2B6ABB008A69C8 /* WeatherFC+CoreDataClass.swift */,
				41219F362B2B6ABB008A69C8 /* WeatherFC+CoreDataProperties.swift */,
			);
			path = FourForeCast;
			sourceTree = "<group>";
		};
		41219F492B2DF25B008A69C8 /* Current */ = {
			isa = PBXGroup;
			children = (
				419F54C02B27550F00AFCFD9 /* Weather+CoreDataClass.swift */,
				419F54C12B27550F00AFCFD9 /* Weather+CoreDataProperties.swift */,
			);
			path = Current;
			sourceTree = "<group>";
		};
		41219F4A2B2DF270008A69C8 /* TenForeCast */ = {
			isa = PBXGroup;
			children = (
				41219F3D2B2CC20F008A69C8 /* TenDaysModel.swift */,
				41219F412B2CCD8A008A69C8 /* TenDaysRawModel.swift */,
			);
			path = TenForeCast;
			sourceTree = "<group>";
		};
		41219F4B2B2DF27A008A69C8 /* FourForeCast */ = {
			isa = PBXGroup;
			children = (
				41219F332B2A565C008A69C8 /* ForeCastWeather.swift */,
				41219F392B2B6CFD008A69C8 /* ForeCastModel.swift */,
			);
			path = FourForeCast;
			sourceTree = "<group>";
		};
		41219F4C2B2DF286008A69C8 /* Current */ = {
			isa = PBXGroup;
			children = (
				41219F2C2B29A86F008A69C8 /* CurrentWeather.swift */,
				41219F2E2B29B50B008A69C8 /* RawModel.swift */,
			);
			path = Current;
			sourceTree = "<group>";
		};
		4196B2392B2614E500B182F9 = {
			isa = PBXGroup;
			children = (
				4196B2442B2614E500B182F9 /* WeatherAppIV */,
				4196B2432B2614E500B182F9 /* Products */,
			);
			sourceTree = "<group>";
		};
		4196B2432B2614E500B182F9 /* Products */ = {
			isa = PBXGroup;
			children = (
				4196B2422B2614E500B182F9 /* WeatherAppIV.app */,
			);
			name = Products;
			sourceTree = "<group>";
		};
		4196B2442B2614E500B182F9 /* WeatherAppIV */ = {
			isa = PBXGroup;
			children = (
				419F54BF2B2754FA00AFCFD9 /* CoreData */,
				4196B2672B2615D800B182F9 /* Services */,
				4196B2662B2615C600B182F9 /* Assets */,
				4196B2652B2615A600B182F9 /* View */,
				4196B2642B2615A000B182F9 /* Model */,
				4196B2632B26159600B182F9 /* ViewModel */,
				4196B2622B26158400B182F9 /* Application */,
				4196B2562B2614E800B182F9 /* Info.plist */,
				4196B24E2B2614E500B182F9 /* WeatherAppIV.xcdatamodeld */,
			);
			path = WeatherAppIV;
			sourceTree = "<group>";
		};
		4196B2622B26158400B182F9 /* Application */ = {
			isa = PBXGroup;
			children = (
				4196B2452B2614E500B182F9 /* AppDelegate.swift */,
				4196B2472B2614E500B182F9 /* SceneDelegate.swift */,
			);
			path = Application;
			sourceTree = "<group>";
		};
		4196B2632B26159600B182F9 /* ViewModel */ = {
			isa = PBXGroup;
			children = (
				4196B25E2B26156300B182F9 /* WeatherViewModel.swift */,
			);
			path = ViewModel;
			sourceTree = "<group>";
		};
		4196B2642B2615A000B182F9 /* Model */ = {
			isa = PBXGroup;
			children = (
				41219F4C2B2DF286008A69C8 /* Current */,
				41219F4B2B2DF27A008A69C8 /* FourForeCast */,
				41219F4A2B2DF270008A69C8 /* TenForeCast */,
			);
			path = Model;
			sourceTree = "<group>";
		};
		4196B2652B2615A600B182F9 /* View */ = {
			isa = PBXGroup;
			children = (
				4196B2492B2614E500B182F9 /* MainViewController.swift */,
				41219F302B2A38EC008A69C8 /* Cells */,
			);
			path = View;
			sourceTree = "<group>";
		};
		4196B2662B2615C600B182F9 /* Assets */ = {
			isa = PBXGroup;
			children = (
				4196B2512B2614E800B182F9 /* Assets.xcassets */,
				4196B2532B2614E800B182F9 /* LaunchScreen.storyboard */,
			);
			path = Assets;
			sourceTree = "<group>";
		};
		4196B2672B2615D800B182F9 /* Services */ = {
			isa = PBXGroup;
			children = (
				4196B25C2B26154300B182F9 /* NetworkService.swift */,
				41219F3B2B2BBFA0008A69C8 /* ImageCache.swift */,
			);
			path = Services;
			sourceTree = "<group>";
		};
		419F54BF2B2754FA00AFCFD9 /* CoreData */ = {
			isa = PBXGroup;
			children = (
				41219F492B2DF25B008A69C8 /* Current */,
				41219F482B2DF242008A69C8 /* FourForeCast */,
				41219F472B2DF231008A69C8 /* TenForeCast */,
				419F54C42B27560F00AFCFD9 /* CoreDataService.swift */,
			);
			path = CoreData;
			sourceTree = "<group>";
		};
/* End PBXGroup section */

/* Begin PBXNativeTarget section */
		4196B2412B2614E500B182F9 /* WeatherAppIV */ = {
			isa = PBXNativeTarget;
			buildConfigurationList = 4196B2592B2614E800B182F9 /* Build configuration list for PBXNativeTarget "WeatherAppIV" */;
			buildPhases = (
				4196B23E2B2614E500B182F9 /* Sources */,
				4196B23F2B2614E500B182F9 /* Frameworks */,
				4196B2402B2614E500B182F9 /* Resources */,
			);
			buildRules = (
			);
			dependencies = (
			);
			name = WeatherAppIV;
			productName = WeatherAppIV;
			productReference = 4196B2422B2614E500B182F9 /* WeatherAppIV.app */;
			productType = "com.apple.product-type.application";
		};
/* End PBXNativeTarget section */

/* Begin PBXProject section */
		4196B23A2B2614E500B182F9 /* Project object */ = {
			isa = PBXProject;
			attributes = {
				BuildIndependentTargetsInParallel = 1;
				LastSwiftUpdateCheck = 1430;
				LastUpgradeCheck = 1430;
				TargetAttributes = {
					4196B2412B2614E500B182F9 = {
						CreatedOnToolsVersion = 14.3.1;
					};
				};
			};
			buildConfigurationList = 4196B23D2B2614E500B182F9 /* Build configuration list for PBXProject "WeatherAppIV" */;
			compatibilityVersion = "Xcode 14.0";
			developmentRegion = en;
			hasScannedForEncodings = 0;
			knownRegions = (
				en,
				Base,
			);
			mainGroup = 4196B2392B2614E500B182F9;
			productRefGroup = 4196B2432B2614E500B182F9 /* Products */;
			projectDirPath = "";
			projectRoot = "";
			targets = (
				4196B2412B2614E500B182F9 /* WeatherAppIV */,
			);
		};
/* End PBXProject section */

/* Begin PBXResourcesBuildPhase section */
		4196B2402B2614E500B182F9 /* Resources */ = {
			isa = PBXResourcesBuildPhase;
			buildActionMask = 2147483647;
			files = (
				4196B2552B2614E800B182F9 /* LaunchScreen.storyboard in Resources */,
				4196B2522B2614E800B182F9 /* Assets.xcassets in Resources */,
			);
			runOnlyForDeploymentPostprocessing = 0;
		};
/* End PBXResourcesBuildPhase section */

/* Begin PBXSourcesBuildPhase section */
		4196B23E2B2614E500B182F9 /* Sources */ = {
			isa = PBXSourcesBuildPhase;
			buildActionMask = 2147483647;
			files = (
				41219F452B2DAABE008A69C8 /* TenForeCast+CoreDataClass.swift in Sources */,
				41219F2D2B29A86F008A69C8 /* CurrentWeather.swift in Sources */,
				41219F462B2DAABE008A69C8 /* TenForeCast+CoreDataProperties.swift in Sources */,
				4196B25D2B26154300B182F9 /* NetworkService.swift in Sources */,
				41219F3C2B2BBFA0008A69C8 /* ImageCache.swift in Sources */,
				41219F402B2CCA3C008A69C8 /* TenTableViewCell.swift in Sources */,
				41219F322B2A3917008A69C8 /* FourDaysCollectionViewCell.swift in Sources */,
				41219F382B2B6ABB008A69C8 /* WeatherFC+CoreDataProperties.swift in Sources */,
				41219F2F2B29B50C008A69C8 /* RawModel.swift in Sources */,
				41219F422B2CCD8A008A69C8 /* TenDaysRawModel.swift in Sources */,
				419F54C52B27560F00AFCFD9 /* CoreDataService.swift in Sources */,
				41219F3A2B2B6CFD008A69C8 /* ForeCastModel.swift in Sources */,
				41219F342B2A565C008A69C8 /* ForeCastWeather.swift in Sources */,
				419F54C22B27550F00AFCFD9 /* Weather+CoreDataClass.swift in Sources */,
				41219F372B2B6ABB008A69C8 /* WeatherFC+CoreDataClass.swift in Sources */,
				4196B25F2B26156300B182F9 /* WeatherViewModel.swift in Sources */,
				41219F3E2B2CC20F008A69C8 /* TenDaysModel.swift in Sources */,
				4196B24A2B2614E500B182F9 /* MainViewController.swift in Sources */,
				4196B2502B2614E500B182F9 /* WeatherAppIV.xcdatamodeld in Sources */,
				4196B2462B2614E500B182F9 /* AppDelegate.swift in Sources */,
				4196B2482B2614E500B182F9 /* SceneDelegate.swift in Sources */,
				419F54C32B27550F00AFCFD9 /* Weather+CoreDataProperties.swift in Sources */,
			);
			runOnlyForDeploymentPostprocessing = 0;
		};
/* End PBXSourcesBuildPhase section */

/* Begin PBXVariantGroup section */
		4196B2532B2614E800B182F9 /* LaunchScreen.storyboard */ = {
			isa = PBXVariantGroup;
			children = (
				4196B2542B2614E800B182F9 /* Base */,
			);
			name = LaunchScreen.storyboard;
			sourceTree = "<group>";
		};
/* End PBXVariantGroup section */

/* Begin XCBuildConfiguration section */
		4196B2572B2614E800B182F9 /* Debug */ = {
			isa = XCBuildConfiguration;
			buildSettings = {
				ALWAYS_SEARCH_USER_PATHS = NO;
				CLANG_ANALYZER_NONNULL = YES;
				CLANG_ANALYZER_NUMBER_OBJECT_CONVERSION = YES_AGGRESSIVE;
				CLANG_CXX_LANGUAGE_STANDARD = "gnu++20";
				CLANG_ENABLE_MODULES = YES;
				CLANG_ENABLE_OBJC_ARC = YES;
				CLANG_ENABLE_OBJC_WEAK = YES;
				CLANG_WARN_BLOCK_CAPTURE_AUTORELEASING = YES;
				CLANG_WARN_BOOL_CONVERSION = YES;
				CLANG_WARN_COMMA = YES;
				CLANG_WARN_CONSTANT_CONVERSION = YES;
				CLANG_WARN_DEPRECATED_OBJC_IMPLEMENTATIONS = YES;
				CLANG_WARN_DIRECT_OBJC_ISA_USAGE = YES_ERROR;
				CLANG_WARN_DOCUMENTATION_COMMENTS = YES;
				CLANG_WARN_EMPTY_BODY = YES;
				CLANG_WARN_ENUM_CONVERSION = YES;
				CLANG_WARN_INFINITE_RECURSION = YES;
				CLANG_WARN_INT_CONVERSION = YES;
				CLANG_WARN_NON_LITERAL_NULL_CONVERSION = YES;
				CLANG_WARN_OBJC_IMPLICIT_RETAIN_SELF = YES;
				CLANG_WARN_OBJC_LITERAL_CONVERSION = YES;
				CLANG_WARN_OBJC_ROOT_CLASS = YES_ERROR;
				CLANG_WARN_QUOTED_INCLUDE_IN_FRAMEWORK_HEADER = YES;
				CLANG_WARN_RANGE_LOOP_ANALYSIS = YES;
				CLANG_WARN_STRICT_PROTOTYPES = YES;
				CLANG_WARN_SUSPICIOUS_MOVE = YES;
				CLANG_WARN_UNGUARDED_AVAILABILITY = YES_AGGRESSIVE;
				CLANG_WARN_UNREACHABLE_CODE = YES;
				CLANG_WARN__DUPLICATE_METHOD_MATCH = YES;
				COPY_PHASE_STRIP = NO;
				DEBUG_INFORMATION_FORMAT = dwarf;
				ENABLE_STRICT_OBJC_MSGSEND = YES;
				ENABLE_TESTABILITY = YES;
				GCC_C_LANGUAGE_STANDARD = gnu11;
				GCC_DYNAMIC_NO_PIC = NO;
				GCC_NO_COMMON_BLOCKS = YES;
				GCC_OPTIMIZATION_LEVEL = 0;
				GCC_PREPROCESSOR_DEFINITIONS = (
					"DEBUG=1",
					"$(inherited)",
				);
				GCC_WARN_64_TO_32_BIT_CONVERSION = YES;
				GCC_WARN_ABOUT_RETURN_TYPE = YES_ERROR;
				GCC_WARN_UNDECLARED_SELECTOR = YES;
				GCC_WARN_UNINITIALIZED_AUTOS = YES_AGGRESSIVE;
				GCC_WARN_UNUSED_FUNCTION = YES;
				GCC_WARN_UNUSED_VARIABLE = YES;
				IPHONEOS_DEPLOYMENT_TARGET = 16.4;
				MTL_ENABLE_DEBUG_INFO = INCLUDE_SOURCE;
				MTL_FAST_MATH = YES;
				ONLY_ACTIVE_ARCH = YES;
				SDKROOT = iphoneos;
				SWIFT_ACTIVE_COMPILATION_CONDITIONS = DEBUG;
				SWIFT_OPTIMIZATION_LEVEL = "-Onone";
			};
			name = Debug;
		};
		4196B2582B2614E800B182F9 /* Release */ = {
			isa = XCBuildConfiguration;
			buildSettings = {
				ALWAYS_SEARCH_USER_PATHS = NO;
				CLANG_ANALYZER_NONNULL = YES;
				CLANG_ANALYZER_NUMBER_OBJECT_CONVERSION = YES_AGGRESSIVE;
				CLANG_CXX_LANGUAGE_STANDARD = "gnu++20";
				CLANG_ENABLE_MODULES = YES;
				CLANG_ENABLE_OBJC_ARC = YES;
				CLANG_ENABLE_OBJC_WEAK = YES;
				CLANG_WARN_BLOCK_CAPTURE_AUTORELEASING = YES;
				CLANG_WARN_BOOL_CONVERSION = YES;
				CLANG_WARN_COMMA = YES;
				CLANG_WARN_CONSTANT_CONVERSION = YES;
				CLANG_WARN_DEPRECATED_OBJC_IMPLEMENTATIONS = YES;
				CLANG_WARN_DIRECT_OBJC_ISA_USAGE = YES_ERROR;
				CLANG_WARN_DOCUMENTATION_COMMENTS = YES;
				CLANG_WARN_EMPTY_BODY = YES;
				CLANG_WARN_ENUM_CONVERSION = YES;
				CLANG_WARN_INFINITE_RECURSION = YES;
				CLANG_WARN_INT_CONVERSION = YES;
				CLANG_WARN_NON_LITERAL_NULL_CONVERSION = YES;
				CLANG_WARN_OBJC_IMPLICIT_RETAIN_SELF = YES;
				CLANG_WARN_OBJC_LITERAL_CONVERSION = YES;
				CLANG_WARN_OBJC_ROOT_CLASS = YES_ERROR;
				CLANG_WARN_QUOTED_INCLUDE_IN_FRAMEWORK_HEADER = YES;
				CLANG_WARN_RANGE_LOOP_ANALYSIS = YES;
				CLANG_WARN_STRICT_PROTOTYPES = YES;
				CLANG_WARN_SUSPICIOUS_MOVE = YES;
				CLANG_WARN_UNGUARDED_AVAILABILITY = YES_AGGRESSIVE;
				CLANG_WARN_UNREACHABLE_CODE = YES;
				CLANG_WARN__DUPLICATE_METHOD_MATCH = YES;
				COPY_PHASE_STRIP = NO;
				DEBUG_INFORMATION_FORMAT = "dwarf-with-dsym";
				ENABLE_NS_ASSERTIONS = NO;
				ENABLE_STRICT_OBJC_MSGSEND = YES;
				GCC_C_LANGUAGE_STANDARD = gnu11;
				GCC_NO_COMMON_BLOCKS = YES;
				GCC_WARN_64_TO_32_BIT_CONVERSION = YES;
				GCC_WARN_ABOUT_RETURN_TYPE = YES_ERROR;
				GCC_WARN_UNDECLARED_SELECTOR = YES;
				GCC_WARN_UNINITIALIZED_AUTOS = YES_AGGRESSIVE;
				GCC_WARN_UNUSED_FUNCTION = YES;
				GCC_WARN_UNUSED_VARIABLE = YES;
				IPHONEOS_DEPLOYMENT_TARGET = 16.4;
				MTL_ENABLE_DEBUG_INFO = NO;
				MTL_FAST_MATH = YES;
				SDKROOT = iphoneos;
				SWIFT_COMPILATION_MODE = wholemodule;
				SWIFT_OPTIMIZATION_LEVEL = "-O";
				VALIDATE_PRODUCT = YES;
			};
			name = Release;
		};
		4196B25A2B2614E800B182F9 /* Debug */ = {
			isa = XCBuildConfiguration;
			buildSettings = {
				ASSETCATALOG_COMPILER_APPICON_NAME = AppIcon;
				ASSETCATALOG_COMPILER_GLOBAL_ACCENT_COLOR_NAME = AccentColor;
				CODE_SIGN_STYLE = Automatic;
				CURRENT_PROJECT_VERSION = 1;
				GENERATE_INFOPLIST_FILE = YES;
				INFOPLIST_FILE = WeatherAppIV/Info.plist;
				INFOPLIST_KEY_UIApplicationSupportsIndirectInputEvents = YES;
				INFOPLIST_KEY_UILaunchStoryboardName = LaunchScreen;
				INFOPLIST_KEY_UISupportedInterfaceOrientations_iPad = "UIInterfaceOrientationPortrait UIInterfaceOrientationPortraitUpsideDown UIInterfaceOrientationLandscapeLeft UIInterfaceOrientationLandscapeRight";
				INFOPLIST_KEY_UISupportedInterfaceOrientations_iPhone = "UIInterfaceOrientationPortrait UIInterfaceOrientationLandscapeLeft UIInterfaceOrientationLandscapeRight";
				LD_RUNPATH_SEARCH_PATHS = (
					"$(inherited)",
					"@executable_path/Frameworks",
				);
				MARKETING_VERSION = 1.0;
				PRODUCT_BUNDLE_IDENTIFIER = "losbsu50-gmail.com.WeatherAppIV";
				PRODUCT_NAME = "$(TARGET_NAME)";
				SWIFT_EMIT_LOC_STRINGS = YES;
				SWIFT_VERSION = 5.0;
				TARGETED_DEVICE_FAMILY = "1,2";
			};
			name = Debug;
		};
		4196B25B2B2614E800B182F9 /* Release */ = {
			isa = XCBuildConfiguration;
			buildSettings = {
				ASSETCATALOG_COMPILER_APPICON_NAME = AppIcon;
				ASSETCATALOG_COMPILER_GLOBAL_ACCENT_COLOR_NAME = AccentColor;
				CODE_SIGN_STYLE = Automatic;
				CURRENT_PROJECT_VERSION = 1;
				GENERATE_INFOPLIST_FILE = YES;
				INFOPLIST_FILE = WeatherAppIV/Info.plist;
				INFOPLIST_KEY_UIApplicationSupportsIndirectInputEvents = YES;
				INFOPLIST_KEY_UILaunchStoryboardName = LaunchScreen;
				INFOPLIST_KEY_UISupportedInterfaceOrientations_iPad = "UIInterfaceOrientationPortrait UIInterfaceOrientationPortraitUpsideDown UIInterfaceOrientationLandscapeLeft UIInterfaceOrientationLandscapeRight";
				INFOPLIST_KEY_UISupportedInterfaceOrientations_iPhone = "UIInterfaceOrientationPortrait UIInterfaceOrientationLandscapeLeft UIInterfaceOrientationLandscapeRight";
				LD_RUNPATH_SEARCH_PATHS = (
					"$(inherited)",
					"@executable_path/Frameworks",
				);
				MARKETING_VERSION = 1.0;
				PRODUCT_BUNDLE_IDENTIFIER = "losbsu50-gmail.com.WeatherAppIV";
				PRODUCT_NAME = "$(TARGET_NAME)";
				SWIFT_EMIT_LOC_STRINGS = YES;
				SWIFT_VERSION = 5.0;
				TARGETED_DEVICE_FAMILY = "1,2";
			};
			name = Release;
		};
/* End XCBuildConfiguration section */

/* Begin XCConfigurationList section */
		4196B23D2B2614E500B182F9 /* Build configuration list for PBXProject "WeatherAppIV" */ = {
			isa = XCConfigurationList;
			buildConfigurations = (
				4196B2572B2614E800B182F9 /* Debug */,
				4196B2582B2614E800B182F9 /* Release */,
			);
			defaultConfigurationIsVisible = 0;
			defaultConfigurationName = Release;
		};
		4196B2592B2614E800B182F9 /* Build configuration list for PBXNativeTarget "WeatherAppIV" */ = {
			isa = XCConfigurationList;
			buildConfigurations = (
				4196B25A2B2614E800B182F9 /* Debug */,
				4196B25B2B2614E800B182F9 /* Release */,
			);
			defaultConfigurationIsVisible = 0;
			defaultConfigurationName = Release;
		};
/* End XCConfigurationList section */

/* Begin XCVersionGroup section */
		4196B24E2B2614E500B182F9 /* WeatherAppIV.xcdatamodeld */ = {
			isa = XCVersionGroup;
			children = (
				4196B24F2B2614E500B182F9 /* WeatherAppIV.xcdatamodel */,
			);
			currentVersion = 4196B24F2B2614E500B182F9 /* WeatherAppIV.xcdatamodel */;
			path = WeatherAppIV.xcdatamodeld;
			sourceTree = "<group>";
			versionGroupType = wrapper.xcdatamodel;
		};
/* End XCVersionGroup section */
	};
	rootObject = 4196B23A2B2614E500B182F9 /* Project object */;
}
